
Microsoft Visual Studio Solution File, Format Version 12.00
# Visual Studio Version 16
VisualStudioVersion = 16.0.30114.105
MinimumVisualStudioVersion = 10.0.40219.1
Project("{FAE04EC0-301F-11D3-BF4B-00C04F79EFBC}") = "ProAtividade.API", "ProAtividade.API\ProAtividade.API.csproj", "{E89E5A20-8861-4FD0-806D-27AC4B94AABE}"
EndProject
Project("{FAE04EC0-301F-11D3-BF4B-00C04F79EFBC}") = "ProAtividade.Data", "ProAtividade.Data\ProAtividade.Data.csproj", "{AA7E3B7E-252F-463E-B8FA-8A6AD22F696F}"
EndProject
Project("{FAE04EC0-301F-11D3-BF4B-00C04F79EFBC}") = "ProAtividade.Domain", "ProAtividade.Domain\ProAtividade.Domain.csproj", "{A0DF9CD9-9C9C-400D-8CDA-2ABF781EA748}"
EndProject
Global
	GlobalSection(SolutionConfigurationPlatforms) = preSolution
		Debug|Any CPU = Debug|Any CPU
		Debug|x64 = Debug|x64
		Debug|x86 = Debug|x86
		Release|Any CPU = Release|Any CPU
		Release|x64 = Release|x64
		Release|x86 = Release|x86
	EndGlobalSection
	GlobalSection(SolutionProperties) = preSolution
		HideSolutionNode = FALSE
	EndGlobalSection
	GlobalSection(ProjectConfigurationPlatforms) = postSolution
		{E89E5A20-8861-4FD0-806D-27AC4B94AABE}.Debug|Any CPU.ActiveCfg = Debug|Any CPU
		{E89E5A20-8861-4FD0-806D-27AC4B94AABE}.Debug|Any CPU.Build.0 = Debug|Any CPU
		{E89E5A20-8861-4FD0-806D-27AC4B94AABE}.Debug|x64.ActiveCfg = Debug|Any CPU
		{E89E5A20-8861-4FD0-806D-27AC4B94AABE}.Debug|x64.Build.0 = Debug|Any CPU
		{E89E5A20-8861-4FD0-806D-27AC4B94AABE}.Debug|x86.ActiveCfg = Debug|Any CPU
		{E89E5A20-8861-4FD0-806D-27AC4B94AABE}.Debug|x86.Build.0 = Debug|Any CPU
		{E89E5A20-8861-4FD0-806D-27AC4B94AABE}.Release|Any CPU.ActiveCfg = Release|Any CPU
		{E89E5A20-8861-4FD0-806D-27AC4B94AABE}.Release|Any CPU.Build.0 = Release|Any CPU
		{E89E5A20-8861-4FD0-806D-27AC4B94AABE}.Release|x64.ActiveCfg = Release|Any CPU
		{E89E5A20-8861-4FD0-806D-27AC4B94AABE}.Release|x64.Build.0 = Release|Any CPU
		{E89E5A20-8861-4FD0-806D-27AC4B94AABE}.Release|x86.ActiveCfg = Release|Any CPU
		{E89E5A20-8861-4FD0-806D-27AC4B94AABE}.Release|x86.Build.0 = Release|Any CPU
		{AA7E3B7E-252F-463E-B8FA-8A6AD22F696F}.Debug|Any CPU.ActiveCfg = Debug|Any CPU
		{AA7E3B7E-252F-463E-B8FA-8A6AD22F696F}.Debug|Any CPU.Build.0 = Debug|Any CPU
		{AA7E3B7E-252F-463E-B8FA-8A6AD22F696F}.Debug|x64.ActiveCfg = Debug|Any CPU
		{AA7E3B7E-252F-463E-B8FA-8A6AD22F696F}.Debug|x64.Build.0 = Debug|Any CPU
		{AA7E3B7E-252F-463E-B8FA-8A6AD22F696F}.Debug|x86.ActiveCfg = Debug|Any CPU
		{AA7E3B7E-252F-463E-B8FA-8A6AD22F696F}.Debug|x86.Build.0 = Debug|Any CPU
		{AA7E3B7E-252F-463E-B8FA-8A6AD22F696F}.Release|Any CPU.ActiveCfg = Release|Any CPU
		{AA7E3B7E-252F-463E-B8FA-8A6AD22F696F}.Release|Any CPU.Build.0 = Release|Any CPU
		{AA7E3B7E-252F-463E-B8FA-8A6AD22F696F}.Release|x64.ActiveCfg = Release|Any CPU
		{AA7E3B7E-252F-463E-B8FA-8A6AD22F696F}.Release|x64.Build.0 = Release|Any CPU
		{AA7E3B7E-252F-463E-B8FA-8A6AD22F696F}.Release|x86.ActiveCfg = Release|Any CPU
		{AA7E3B7E-252F-463E-B8FA-8A6AD22F696F}.Release|x86.Build.0 = Release|Any CPU
		{A0DF9CD9-9C9C-400D-8CDA-2ABF781EA748}.Debug|Any CPU.ActiveCfg = Debug|Any CPU
		{A0DF9CD9-9C9C-400D-8CDA-2ABF781EA748}.Debug|Any CPU.Build.0 = Debug|Any CPU
		{A0DF9CD9-9C9C-400D-8CDA-2ABF781EA748}.Debug|x64.ActiveCfg = Debug|Any CPU
		{A0DF9CD9-9C9C-400D-8CDA-2ABF781EA748}.Debug|x64.Build.0 = Debug|Any CPU
		{A0DF9CD9-9C9C-400D-8CDA-2ABF781EA748}.Debug|x86.ActiveCfg = Debug|Any CPU
		{A0DF9CD9-9C9C-400D-8CDA-2ABF781EA748}.Debug|x86.Build.0 = Debug|Any CPU
		{A0DF9CD9-9C9C-400D-8CDA-2ABF781EA748}.Release|Any CPU.ActiveCfg = Release|Any CPU
		{A0DF9CD9-9C9C-400D-8CDA-2ABF781EA748}.Release|Any CPU.Build.0 = Release|Any CPU
		{A0DF9CD9-9C9C-400D-8CDA-2ABF781EA748}.Release|x64.ActiveCfg = Release|Any CPU
		{A0DF9CD9-9C9C-400D-8CDA-2ABF781EA748}.Release|x64.Build.0 = Release|Any CPU
		{A0DF9CD9-9C9C-400D-8CDA-2ABF781EA748}.Release|x86.ActiveCfg = Release|Any CPU
		{A0DF9CD9-9C9C-400D-8CDA-2ABF781EA748}.Release|x86.Build.0 = Release|Any CPU
	EndGlobalSection
EndGlobal
